
Microsoft Visual Studio Solution File, Format Version 12.00
# Visual Studio Version 16
VisualStudioVersion = 16.0.31911.196
MinimumVisualStudioVersion = 10.0.40219.1
Project("{FAE04EC0-301F-11D3-BF4B-00C04F79EFBC}") = "CarRent", "CarRent\CarRent.csproj", "{FF86737C-CC72-4EAF-9240-F3F474D1CD2D}"
EndProject
Global
	GlobalSection(SolutionConfigurationPlatforms) = preSolution
		Debug|Any CPU = Debug|Any CPU
		Release|Any CPU = Release|Any CPU
	EndGlobalSection
	GlobalSection(ProjectConfigurationPlatforms) = postSolution
		{FF86737C-CC72-4EAF-9240-F3F474D1CD2D}.Debug|Any CPU.ActiveCfg = Debug|Any CPU
		{FF86737C-CC72-4EAF-9240-F3F474D1CD2D}.Debug|Any CPU.Build.0 = Debug|Any CPU
		{FF86737C-CC72-4EAF-9240-F3F474D1CD2D}.Release|Any CPU.ActiveCfg = Release|Any CPU
		{FF86737C-CC72-4EAF-9240-F3F474D1CD2D}.Release|Any CPU.Build.0 = Release|Any CPU
	EndGlobalSection
	GlobalSection(SolutionProperties) = preSolution
		HideSolutionNode = FALSE
	EndGlobalSection
	GlobalSection(ExtensibilityGlobals) = postSolution
		SolutionGuid = {B7093DDB-B45E-4339-8999-DCBC2AE26EB2}
	EndGlobalSection
EndGlobal
